<Solution>
  <Configurations>
    <Platform Name="ARM64" />
    <Platform Name="x64" />
    <Platform Name="x86" />
  </Configurations>
  <Project Path="CaesarSharp.Core/CaesarSharp.Core.csproj">
    <Build Solution="Debug|x64" Project="false" />
  </Project>
  <Project Path="CaesarSharp/CaesarSharp.csproj" Id="9d9c7d99-7e28-4dab-a9e9-1168b4de7e39">
    <Platform Solution="*|ARM64" Project="ARM64" />
    <Platform Solution="*|x64" Project="x64" />
    <Platform Solution="*|x86" Project="x86" />
    <Deploy />
  </Project>
</Solution>
